// !$*UTF8*$!
{
	archiveVersion = 1;
	classes = {
	};
	objectVersion = 55;
	objects = {

/* Begin PBXBuildFile section */
		8990F37A28623F66003951D1 /* ProfilePhotoSelectorView.swift in Sources */ = {isa = PBXBuildFile; fileRef = 8990F37928623F66003951D1 /* ProfilePhotoSelectorView.swift */; };
		8990F37D28624AC3003951D1 /* ImagePicker.swift in Sources */ = {isa = PBXBuildFile; fileRef = 8990F37C28624AC3003951D1 /* ImagePicker.swift */; };
		89962D912860F11E006DD73B /* TwitterCloneApp.swift in Sources */ = {isa = PBXBuildFile; fileRef = 89962D902860F11E006DD73B /* TwitterCloneApp.swift */; };
		89962D932860F11E006DD73B /* ContentView.swift in Sources */ = {isa = PBXBuildFile; fileRef = 89962D922860F11E006DD73B /* ContentView.swift */; };
		89962D952860F120006DD73B /* Assets.xcassets in Resources */ = {isa = PBXBuildFile; fileRef = 89962D942860F120006DD73B /* Assets.xcassets */; };
		89962D982860F120006DD73B /* Preview Assets.xcassets in Resources */ = {isa = PBXBuildFile; fileRef = 89962D972860F120006DD73B /* Preview Assets.xcassets */; };
		89962DA72860F1E6006DD73B /* FeedView.swift in Sources */ = {isa = PBXBuildFile; fileRef = 89962DA62860F1E6006DD73B /* FeedView.swift */; };
		89962DAA2860F27E006DD73B /* TweetRowView.swift in Sources */ = {isa = PBXBuildFile; fileRef = 89962DA92860F27E006DD73B /* TweetRowView.swift */; };
		89962DAF2860F5BD006DD73B /* MainTabView.swift in Sources */ = {isa = PBXBuildFile; fileRef = 89962DAE2860F5BD006DD73B /* MainTabView.swift */; };
		89962DB72860F67C006DD73B /* ExploreView.swift in Sources */ = {isa = PBXBuildFile; fileRef = 89962DB62860F67C006DD73B /* ExploreView.swift */; };
		89962DBB2860F6C6006DD73B /* NotificationsView.swift in Sources */ = {isa = PBXBuildFile; fileRef = 89962DBA2860F6C5006DD73B /* NotificationsView.swift */; };
		89962DBF2860F6E6006DD73B /* MessagesView.swift in Sources */ = {isa = PBXBuildFile; fileRef = 89962DBE2860F6E6006DD73B /* MessagesView.swift */; };
		89962DC32860F7A3006DD73B /* ProfileView.swift in Sources */ = {isa = PBXBuildFile; fileRef = 89962DC22860F7A3006DD73B /* ProfileView.swift */; };
		89962DC52861249A006DD73B /* TweetFilterViewModel.swift in Sources */ = {isa = PBXBuildFile; fileRef = 89962DC42861249A006DD73B /* TweetFilterViewModel.swift */; };
		89962DC82861254E006DD73B /* UserRowView.swift in Sources */ = {isa = PBXBuildFile; fileRef = 89962DC72861254E006DD73B /* UserRowView.swift */; };
		89962DCE2861262B006DD73B /* SideMenuView.swift in Sources */ = {isa = PBXBuildFile; fileRef = 89962DCD2861262B006DD73B /* SideMenuView.swift */; };
		89962DD028612636006DD73B /* SideMenuRowView.swift in Sources */ = {isa = PBXBuildFile; fileRef = 89962DCF28612636006DD73B /* SideMenuRowView.swift */; };
		89962DD22861263F006DD73B /* SideMenuViewModel.swift in Sources */ = {isa = PBXBuildFile; fileRef = 89962DD12861263F006DD73B /* SideMenuViewModel.swift */; };
		89962DD5286126BC006DD73B /* UserStatsView.swift in Sources */ = {isa = PBXBuildFile; fileRef = 89962DD4286126BC006DD73B /* UserStatsView.swift */; };
		89962DDB28612D51006DD73B /* NewTweetView.swift in Sources */ = {isa = PBXBuildFile; fileRef = 89962DDA28612D51006DD73B /* NewTweetView.swift */; };
		89962DDD28612DC2006DD73B /* TextArea.swift in Sources */ = {isa = PBXBuildFile; fileRef = 89962DDC28612DC2006DD73B /* TextArea.swift */; };
		89962DE228615E2B006DD73B /* LoginView.swift in Sources */ = {isa = PBXBuildFile; fileRef = 89962DE128615E2B006DD73B /* LoginView.swift */; };
		89962DE428615E37006DD73B /* RegistrationVIew.swift in Sources */ = {isa = PBXBuildFile; fileRef = 89962DE328615E37006DD73B /* RegistrationVIew.swift */; };
		89962DE628615EDD006DD73B /* RoundedShape.swift in Sources */ = {isa = PBXBuildFile; fileRef = 89962DE528615EDD006DD73B /* RoundedShape.swift */; };
		89962DE928615FA1006DD73B /* AuthHeaderView.swift in Sources */ = {isa = PBXBuildFile; fileRef = 89962DE828615FA1006DD73B /* AuthHeaderView.swift */; };
		89962DEB28615FCB006DD73B /* CustomInputField.swift in Sources */ = {isa = PBXBuildFile; fileRef = 89962DEA28615FCB006DD73B /* CustomInputField.swift */; };
		89962DED2861658D006DD73B /* GoogleService-Info.plist in Resources */ = {isa = PBXBuildFile; fileRef = 89962DEC2861658D006DD73B /* GoogleService-Info.plist */; };
		89962DF0286165D7006DD73B /* FirebaseAuth in Frameworks */ = {isa = PBXBuildFile; productRef = 89962DEF286165D7006DD73B /* FirebaseAuth */; };
		89962DF2286165D7006DD73B /* FirebaseFirestore in Frameworks */ = {isa = PBXBuildFile; productRef = 89962DF1286165D7006DD73B /* FirebaseFirestore */; };
		89962DF4286165D7006DD73B /* FirebaseFirestoreSwift in Frameworks */ = {isa = PBXBuildFile; productRef = 89962DF3286165D7006DD73B /* FirebaseFirestoreSwift */; };
		89962DF6286165D7006DD73B /* FirebaseStorage in Frameworks */ = {isa = PBXBuildFile; productRef = 89962DF5286165D7006DD73B /* FirebaseStorage */; };
		89962DF828616804006DD73B /* AuthViewModel.swift in Sources */ = {isa = PBXBuildFile; fileRef = 89962DF728616804006DD73B /* AuthViewModel.swift */; };
/* End PBXBuildFile section */

/* Begin PBXFileReference section */
		8990F37928623F66003951D1 /* ProfilePhotoSelectorView.swift */ = {isa = PBXFileReference; lastKnownFileType = sourcecode.swift; path = ProfilePhotoSelectorView.swift; sourceTree = "<group>"; };
		8990F37C28624AC3003951D1 /* ImagePicker.swift */ = {isa = PBXFileReference; lastKnownFileType = sourcecode.swift; path = ImagePicker.swift; sourceTree = "<group>"; };
		89962D8D2860F11E006DD73B /* TwitterClone.app */ = {isa = PBXFileReference; explicitFileType = wrapper.application; includeInIndex = 0; path = TwitterClone.app; sourceTree = BUILT_PRODUCTS_DIR; };
		89962D902860F11E006DD73B /* TwitterCloneApp.swift */ = {isa = PBXFileReference; lastKnownFileType = sourcecode.swift; path = TwitterCloneApp.swift; sourceTree = "<group>"; };
		89962D922860F11E006DD73B /* ContentView.swift */ = {isa = PBXFileReference; lastKnownFileType = sourcecode.swift; path = ContentView.swift; sourceTree = "<group>"; };
		89962D942860F120006DD73B /* Assets.xcassets */ = {isa = PBXFileReference; lastKnownFileType = folder.assetcatalog; path = Assets.xcassets; sourceTree = "<group>"; };
		89962D972860F120006DD73B /* Preview Assets.xcassets */ = {isa = PBXFileReference; lastKnownFileType = folder.assetcatalog; path = "Preview Assets.xcassets"; sourceTree = "<group>"; };
		89962DA62860F1E6006DD73B /* FeedView.swift */ = {isa = PBXFileReference; lastKnownFileType = sourcecode.swift; path = FeedView.swift; sourceTree = "<group>"; };
		89962DA92860F27E006DD73B /* TweetRowView.swift */ = {isa = PBXFileReference; lastKnownFileType = sourcecode.swift; path = TweetRowView.swift; sourceTree = "<group>"; };
		89962DAE2860F5BD006DD73B /* MainTabView.swift */ = {isa = PBXFileReference; lastKnownFileType = sourcecode.swift; path = MainTabView.swift; sourceTree = "<group>"; };
		89962DB62860F67C006DD73B /* ExploreView.swift */ = {isa = PBXFileReference; lastKnownFileType = sourcecode.swift; path = ExploreView.swift; sourceTree = "<group>"; };
		89962DBA2860F6C5006DD73B /* NotificationsView.swift */ = {isa = PBXFileReference; lastKnownFileType = sourcecode.swift; path = NotificationsView.swift; sourceTree = "<group>"; };
		89962DBE2860F6E6006DD73B /* MessagesView.swift */ = {isa = PBXFileReference; lastKnownFileType = sourcecode.swift; path = MessagesView.swift; sourceTree = "<group>"; };
		89962DC22860F7A3006DD73B /* ProfileView.swift */ = {isa = PBXFileReference; lastKnownFileType = sourcecode.swift; path = ProfileView.swift; sourceTree = "<group>"; };
		89962DC42861249A006DD73B /* TweetFilterViewModel.swift */ = {isa = PBXFileReference; lastKnownFileType = sourcecode.swift; path = TweetFilterViewModel.swift; sourceTree = "<group>"; };
		89962DC72861254E006DD73B /* UserRowView.swift */ = {isa = PBXFileReference; lastKnownFileType = sourcecode.swift; path = UserRowView.swift; sourceTree = "<group>"; };
		89962DCD2861262B006DD73B /* SideMenuView.swift */ = {isa = PBXFileReference; lastKnownFileType = sourcecode.swift; path = SideMenuView.swift; sourceTree = "<group>"; };
		89962DCF28612636006DD73B /* SideMenuRowView.swift */ = {isa = PBXFileReference; lastKnownFileType = sourcecode.swift; path = SideMenuRowView.swift; sourceTree = "<group>"; };
		89962DD12861263F006DD73B /* SideMenuViewModel.swift */ = {isa = PBXFileReference; lastKnownFileType = sourcecode.swift; path = SideMenuViewModel.swift; sourceTree = "<group>"; };
		89962DD4286126BC006DD73B /* UserStatsView.swift */ = {isa = PBXFileReference; lastKnownFileType = sourcecode.swift; path = UserStatsView.swift; sourceTree = "<group>"; };
		89962DDA28612D51006DD73B /* NewTweetView.swift */ = {isa = PBXFileReference; lastKnownFileType = sourcecode.swift; path = NewTweetView.swift; sourceTree = "<group>"; };
		89962DDC28612DC2006DD73B /* TextArea.swift */ = {isa = PBXFileReference; lastKnownFileType = sourcecode.swift; path = TextArea.swift; sourceTree = "<group>"; };
		89962DE128615E2B006DD73B /* LoginView.swift */ = {isa = PBXFileReference; lastKnownFileType = sourcecode.swift; path = LoginView.swift; sourceTree = "<group>"; };
		89962DE328615E37006DD73B /* RegistrationVIew.swift */ = {isa = PBXFileReference; lastKnownFileType = sourcecode.swift; path = RegistrationVIew.swift; sourceTree = "<group>"; };
		89962DE528615EDD006DD73B /* RoundedShape.swift */ = {isa = PBXFileReference; lastKnownFileType = sourcecode.swift; path = RoundedShape.swift; sourceTree = "<group>"; };
		89962DE828615FA1006DD73B /* AuthHeaderView.swift */ = {isa = PBXFileReference; lastKnownFileType = sourcecode.swift; path = AuthHeaderView.swift; sourceTree = "<group>"; };
		89962DEA28615FCB006DD73B /* CustomInputField.swift */ = {isa = PBXFileReference; lastKnownFileType = sourcecode.swift; path = CustomInputField.swift; sourceTree = "<group>"; };
		89962DEC2861658D006DD73B /* GoogleService-Info.plist */ = {isa = PBXFileReference; fileEncoding = 4; lastKnownFileType = text.plist.xml; path = "GoogleService-Info.plist"; sourceTree = "<group>"; };
		89962DF728616804006DD73B /* AuthViewModel.swift */ = {isa = PBXFileReference; lastKnownFileType = sourcecode.swift; path = AuthViewModel.swift; sourceTree = "<group>"; };
/* End PBXFileReference section */

/* Begin PBXFrameworksBuildPhase section */
		89962D8A2860F11D006DD73B /* Frameworks */ = {
			isa = PBXFrameworksBuildPhase;
			buildActionMask = 2147483647;
			files = (
				89962DF0286165D7006DD73B /* FirebaseAuth in Frameworks */,
				89962DF6286165D7006DD73B /* FirebaseStorage in Frameworks */,
				89962DF2286165D7006DD73B /* FirebaseFirestore in Frameworks */,
				89962DF4286165D7006DD73B /* FirebaseFirestoreSwift in Frameworks */,
			);
			runOnlyForDeploymentPostprocessing = 0;
		};
/* End PBXFrameworksBuildPhase section */

/* Begin PBXGroup section */
		8990F37B28624AB9003951D1 /* Utils */ = {
			isa = PBXGroup;
			children = (
				8990F37C28624AC3003951D1 /* ImagePicker.swift */,
			);
			path = Utils;
			sourceTree = "<group>";
		};
		89962D842860F11D006DD73B = {
			isa = PBXGroup;
			children = (
				89962D8F2860F11E006DD73B /* TwitterClone */,
				89962D8E2860F11E006DD73B /* Products */,
			);
			sourceTree = "<group>";
		};
		89962D8E2860F11E006DD73B /* Products */ = {
			isa = PBXGroup;
			children = (
				89962D8D2860F11E006DD73B /* TwitterClone.app */,
			);
			name = Products;
			sourceTree = "<group>";
		};
		89962D8F2860F11E006DD73B /* TwitterClone */ = {
			isa = PBXGroup;
			children = (
				8990F37B28624AB9003951D1 /* Utils */,
				89962DA12860F144006DD73B /* Extensions */,
				89962DA02860F144006DD73B /* Model */,
				89962D9F2860F143006DD73B /* Service */,
				89962D9E2860F13F006DD73B /* Core */,
				89962D902860F11E006DD73B /* TwitterCloneApp.swift */,
				89962D922860F11E006DD73B /* ContentView.swift */,
				89962D942860F120006DD73B /* Assets.xcassets */,
				89962DEC2861658D006DD73B /* GoogleService-Info.plist */,
				89962D962860F120006DD73B /* Preview Content */,
			);
			path = TwitterClone;
			sourceTree = "<group>";
		};
		89962D962860F120006DD73B /* Preview Content */ = {
			isa = PBXGroup;
			children = (
				89962D972860F120006DD73B /* Preview Assets.xcassets */,
			);
			path = "Preview Content";
			sourceTree = "<group>";
		};
		89962D9E2860F13F006DD73B /* Core */ = {
			isa = PBXGroup;
			children = (
				89962DA22860F19B006DD73B /* Components */,
				89962DDE28615E15006DD73B /* Authentication */,
				89962DD628612D22006DD73B /* UploadTweet */,
				89962DC928612603006DD73B /* SideMenu */,
				89962DB32860F65D006DD73B /* Profile */,
				89962DB22860F647006DD73B /* Explore */,
				89962DB12860F645006DD73B /* Notifications */,
				89962DB02860F641006DD73B /* Messages */,
				89962DAB2860F59E006DD73B /* MainTab */,
				89962DA32860F19B006DD73B /* Feed */,
			);
			path = Core;
			sourceTree = "<group>";
		};
		89962D9F2860F143006DD73B /* Service */ = {
			isa = PBXGroup;
			children = (
			);
			path = Service;
			sourceTree = "<group>";
		};
		89962DA02860F144006DD73B /* Model */ = {
			isa = PBXGroup;
			children = (
			);
			path = Model;
			sourceTree = "<group>";
		};
		89962DA12860F144006DD73B /* Extensions */ = {
			isa = PBXGroup;
			children = (
			);
			path = Extensions;
			sourceTree = "<group>";
		};
		89962DA22860F19B006DD73B /* Components */ = {
			isa = PBXGroup;
			children = (
				89962DE728615F90006DD73B /* Authentication */,
				89962DC628612543006DD73B /* Users */,
				89962DA82860F262006DD73B /* Tweets */,
				89962DDC28612DC2006DD73B /* TextArea.swift */,
				89962DE528615EDD006DD73B /* RoundedShape.swift */,
				89962DEA28615FCB006DD73B /* CustomInputField.swift */,
			);
			path = Components;
			sourceTree = "<group>";
		};
		89962DA32860F19B006DD73B /* Feed */ = {
			isa = PBXGroup;
			children = (
				89962DA52860F1D2006DD73B /* ViewModels */,
				89962DA42860F1CF006DD73B /* Views */,
			);
			path = Feed;
			sourceTree = "<group>";
		};
		89962DA42860F1CF006DD73B /* Views */ = {
			isa = PBXGroup;
			children = (
				89962DA62860F1E6006DD73B /* FeedView.swift */,
			);
			path = Views;
			sourceTree = "<group>";
		};
		89962DA52860F1D2006DD73B /* ViewModels */ = {
			isa = PBXGroup;
			children = (
			);
			path = ViewModels;
			sourceTree = "<group>";
		};
		89962DA82860F262006DD73B /* Tweets */ = {
			isa = PBXGroup;
			children = (
				89962DA92860F27E006DD73B /* TweetRowView.swift */,
			);
			path = Tweets;
			sourceTree = "<group>";
		};
		89962DAB2860F59E006DD73B /* MainTab */ = {
			isa = PBXGroup;
			children = (
				89962DAD2860F5B0006DD73B /* ViewModels */,
				89962DAC2860F5A3006DD73B /* Views */,
			);
			path = MainTab;
			sourceTree = "<group>";
		};
		89962DAC2860F5A3006DD73B /* Views */ = {
			isa = PBXGroup;
			children = (
				89962DAE2860F5BD006DD73B /* MainTabView.swift */,
			);
			path = Views;
			sourceTree = "<group>";
		};
		89962DAD2860F5B0006DD73B /* ViewModels */ = {
			isa = PBXGroup;
			children = (
			);
			path = ViewModels;
			sourceTree = "<group>";
		};
		89962DB02860F641006DD73B /* Messages */ = {
			isa = PBXGroup;
			children = (
				89962DBD2860F6D8006DD73B /* ViewModels */,
				89962DBC2860F6D2006DD73B /* Views */,
			);
			path = Messages;
			sourceTree = "<group>";
		};
		89962DB12860F645006DD73B /* Notifications */ = {
			isa = PBXGroup;
			children = (
				89962DB92860F6B7006DD73B /* ViewModels */,
				89962DB82860F6B2006DD73B /* Views */,
			);
			path = Notifications;
			sourceTree = "<group>";
		};
		89962DB22860F647006DD73B /* Explore */ = {
			isa = PBXGroup;
			children = (
				89962DB52860F671006DD73B /* ViewModels */,
				89962DB42860F669006DD73B /* Views */,
			);
			path = Explore;
			sourceTree = "<group>";
		};
		89962DB32860F65D006DD73B /* Profile */ = {
			isa = PBXGroup;
			children = (
				89962DC12860F771006DD73B /* ViewModels */,
				89962DC02860F760006DD73B /* View */,
			);
			path = Profile;
			sourceTree = "<group>";
		};
		89962DB42860F669006DD73B /* Views */ = {
			isa = PBXGroup;
			children = (
				89962DB62860F67C006DD73B /* ExploreView.swift */,
			);
			path = Views;
			sourceTree = "<group>";
		};
		89962DB52860F671006DD73B /* ViewModels */ = {
			isa = PBXGroup;
			children = (
			);
			path = ViewModels;
			sourceTree = "<group>";
		};
		89962DB82860F6B2006DD73B /* Views */ = {
			isa = PBXGroup;
			children = (
				89962DBA2860F6C5006DD73B /* NotificationsView.swift */,
			);
			path = Views;
			sourceTree = "<group>";
		};
		89962DB92860F6B7006DD73B /* ViewModels */ = {
			isa = PBXGroup;
			children = (
			);
			path = ViewModels;
			sourceTree = "<group>";
		};
		89962DBC2860F6D2006DD73B /* Views */ = {
			isa = PBXGroup;
			children = (
				89962DBE2860F6E6006DD73B /* MessagesView.swift */,
			);
			path = Views;
			sourceTree = "<group>";
		};
		89962DBD2860F6D8006DD73B /* ViewModels */ = {
			isa = PBXGroup;
			children = (
			);
			path = ViewModels;
			sourceTree = "<group>";
		};
		89962DC02860F760006DD73B /* View */ = {
			isa = PBXGroup;
			children = (
				89962DC22860F7A3006DD73B /* ProfileView.swift */,
			);
			path = View;
			sourceTree = "<group>";
		};
		89962DC12860F771006DD73B /* ViewModels */ = {
			isa = PBXGroup;
			children = (
				89962DC42861249A006DD73B /* TweetFilterViewModel.swift */,
			);
			path = ViewModels;
			sourceTree = "<group>";
		};
		89962DC628612543006DD73B /* Users */ = {
			isa = PBXGroup;
			children = (
				89962DC72861254E006DD73B /* UserRowView.swift */,
				89962DD4286126BC006DD73B /* UserStatsView.swift */,
			);
			path = Users;
			sourceTree = "<group>";
		};
		89962DC928612603006DD73B /* SideMenu */ = {
			isa = PBXGroup;
			children = (
				89962DCA2861260C006DD73B /* ViewModels */,
				89962DCB28612618006DD73B /* Views */,
			);
			path = SideMenu;
			sourceTree = "<group>";
		};
		89962DCA2861260C006DD73B /* ViewModels */ = {
			isa = PBXGroup;
			children = (
				89962DD12861263F006DD73B /* SideMenuViewModel.swift */,
			);
			path = ViewModels;
			sourceTree = "<group>";
		};
		89962DCB28612618006DD73B /* Views */ = {
			isa = PBXGroup;
			children = (
				89962DCD2861262B006DD73B /* SideMenuView.swift */,
				89962DCF28612636006DD73B /* SideMenuRowView.swift */,
			);
			path = Views;
			sourceTree = "<group>";
		};
		89962DD628612D22006DD73B /* UploadTweet */ = {
			isa = PBXGroup;
			children = (
				89962DD728612D2E006DD73B /* ViewModels */,
				89962DD828612D36006DD73B /* Views */,
			);
			path = UploadTweet;
			sourceTree = "<group>";
		};
		89962DD728612D2E006DD73B /* ViewModels */ = {
			isa = PBXGroup;
			children = (
			);
			path = ViewModels;
			sourceTree = "<group>";
		};
		89962DD828612D36006DD73B /* Views */ = {
			isa = PBXGroup;
			children = (
				89962DDA28612D51006DD73B /* NewTweetView.swift */,
			);
			path = Views;
			sourceTree = "<group>";
		};
		89962DDE28615E15006DD73B /* Authentication */ = {
			isa = PBXGroup;
			children = (
				89962DE028615E1D006DD73B /* ViewModels */,
				89962DDF28615E1A006DD73B /* Views */,
			);
			path = Authentication;
			sourceTree = "<group>";
		};
		89962DDF28615E1A006DD73B /* Views */ = {
			isa = PBXGroup;
			children = (
				89962DE128615E2B006DD73B /* LoginView.swift */,
				89962DE328615E37006DD73B /* RegistrationVIew.swift */,
				8990F37928623F66003951D1 /* ProfilePhotoSelectorView.swift */,
			);
			path = Views;
			sourceTree = "<group>";
		};
		89962DE028615E1D006DD73B /* ViewModels */ = {
			isa = PBXGroup;
			children = (
				89962DF728616804006DD73B /* AuthViewModel.swift */,
			);
			path = ViewModels;
			sourceTree = "<group>";
		};
		89962DE728615F90006DD73B /* Authentication */ = {
			isa = PBXGroup;
			children = (
				89962DE828615FA1006DD73B /* AuthHeaderView.swift */,
			);
			path = Authentication;
			sourceTree = "<group>";
		};
/* End PBXGroup section */

/* Begin PBXNativeTarget section */
		89962D8C2860F11D006DD73B /* TwitterClone */ = {
			isa = PBXNativeTarget;
			buildConfigurationList = 89962D9B2860F120006DD73B /* Build configuration list for PBXNativeTarget "TwitterClone" */;
			buildPhases = (
				89962D892860F11D006DD73B /* Sources */,
				89962D8A2860F11D006DD73B /* Frameworks */,
				89962D8B2860F11D006DD73B /* Resources */,
			);
			buildRules = (
			);
			dependencies = (
			);
			name = TwitterClone;
			packageProductDependencies = (
				89962DEF286165D7006DD73B /* FirebaseAuth */,
				89962DF1286165D7006DD73B /* FirebaseFirestore */,
				89962DF3286165D7006DD73B /* FirebaseFirestoreSwift */,
				89962DF5286165D7006DD73B /* FirebaseStorage */,
			);
			productName = TwitterClone;
			productReference = 89962D8D2860F11E006DD73B /* TwitterClone.app */;
			productType = "com.apple.product-type.application";
		};
/* End PBXNativeTarget section */

/* Begin PBXProject section */
		89962D852860F11D006DD73B /* Project object */ = {
			isa = PBXProject;
			attributes = {
				BuildIndependentTargetsInParallel = 1;
				LastSwiftUpdateCheck = 1340;
				LastUpgradeCheck = 1340;
				TargetAttributes = {
					89962D8C2860F11D006DD73B = {
						CreatedOnToolsVersion = 13.4.1;
					};
				};
			};
			buildConfigurationList = 89962D882860F11D006DD73B /* Build configuration list for PBXProject "TwitterClone" */;
			compatibilityVersion = "Xcode 13.0";
			developmentRegion = en;
			hasScannedForEncodings = 0;
			knownRegions = (
				en,
				Base,
			);
			mainGroup = 89962D842860F11D006DD73B;
			packageReferences = (
				89962DEE286165D7006DD73B /* XCRemoteSwiftPackageReference "firebase-ios-sdk" */,
			);
			productRefGroup = 89962D8E2860F11E006DD73B /* Products */;
			projectDirPath = "";
			projectRoot = "";
			targets = (
				89962D8C2860F11D006DD73B /* TwitterClone */,
			);
		};
/* End PBXProject section */

/* Begin PBXResourcesBuildPhase section */
		89962D8B2860F11D006DD73B /* Resources */ = {
			isa = PBXResourcesBuildPhase;
			buildActionMask = 2147483647;
			files = (
				89962D982860F120006DD73B /* Preview Assets.xcassets in Resources */,
				89962D952860F120006DD73B /* Assets.xcassets in Resources */,
				89962DED2861658D006DD73B /* GoogleService-Info.plist in Resources */,
			);
			runOnlyForDeploymentPostprocessing = 0;
		};
/* End PBXResourcesBuildPhase section */

/* Begin PBXSourcesBuildPhase section */
		89962D892860F11D006DD73B /* Sources */ = {
			isa = PBXSourcesBuildPhase;
			buildActionMask = 2147483647;
			files = (
				89962DBF2860F6E6006DD73B /* MessagesView.swift in Sources */,
				89962DC32860F7A3006DD73B /* ProfileView.swift in Sources */,
				8990F37D28624AC3003951D1 /* ImagePicker.swift in Sources */,
				89962DE428615E37006DD73B /* RegistrationVIew.swift in Sources */,
				89962D932860F11E006DD73B /* ContentView.swift in Sources */,
				89962DD028612636006DD73B /* SideMenuRowView.swift in Sources */,
				89962DAA2860F27E006DD73B /* TweetRowView.swift in Sources */,
				89962DEB28615FCB006DD73B /* CustomInputField.swift in Sources */,
				89962DC52861249A006DD73B /* TweetFilterViewModel.swift in Sources */,
				8990F37A28623F66003951D1 /* ProfilePhotoSelectorView.swift in Sources */,
				89962DA72860F1E6006DD73B /* FeedView.swift in Sources */,
				89962DCE2861262B006DD73B /* SideMenuView.swift in Sources */,
				89962D912860F11E006DD73B /* TwitterCloneApp.swift in Sources */,
				89962DB72860F67C006DD73B /* ExploreView.swift in Sources */,
				89962DDD28612DC2006DD73B /* TextArea.swift in Sources */,
				89962DD22861263F006DD73B /* SideMenuViewModel.swift in Sources */,
				89962DE928615FA1006DD73B /* AuthHeaderView.swift in Sources */,
				89962DE228615E2B006DD73B /* LoginView.swift in Sources */,
				89962DDB28612D51006DD73B /* NewTweetView.swift in Sources */,
				89962DF828616804006DD73B /* AuthViewModel.swift in Sources */,
				89962DE628615EDD006DD73B /* RoundedShape.swift in Sources */,
				89962DC82861254E006DD73B /* UserRowView.swift in Sources */,
				89962DAF2860F5BD006DD73B /* MainTabView.swift in Sources */,
				89962DBB2860F6C6006DD73B /* NotificationsView.swift in Sources */,
				89962DD5286126BC006DD73B /* UserStatsView.swift in Sources */,
			);
			runOnlyForDeploymentPostprocessing = 0;
		};
/* End PBXSourcesBuildPhase section */

/* Begin XCBuildConfiguration section */
		89962D992860F120006DD73B /* Debug */ = {
			isa = XCBuildConfiguration;
			buildSettings = {
				ALWAYS_SEARCH_USER_PATHS = NO;
				CLANG_ANALYZER_NONNULL = YES;
				CLANG_ANALYZER_NUMBER_OBJECT_CONVERSION = YES_AGGRESSIVE;
				CLANG_CXX_LANGUAGE_STANDARD = "gnu++17";
				CLANG_ENABLE_MODULES = YES;
				CLANG_ENABLE_OBJC_ARC = YES;
				CLANG_ENABLE_OBJC_WEAK = YES;
				CLANG_WARN_BLOCK_CAPTURE_AUTORELEASING = YES;
				CLANG_WARN_BOOL_CONVERSION = YES;
				CLANG_WARN_COMMA = YES;
				CLANG_WARN_CONSTANT_CONVERSION = YES;
				CLANG_WARN_DEPRECATED_OBJC_IMPLEMENTATIONS = YES;
				CLANG_WARN_DIRECT_OBJC_ISA_USAGE = YES_ERROR;
				CLANG_WARN_DOCUMENTATION_COMMENTS = YES;
				CLANG_WARN_EMPTY_BODY = YES;
				CLANG_WARN_ENUM_CONVERSION = YES;
				CLANG_WARN_INFINITE_RECURSION = YES;
				CLANG_WARN_INT_CONVERSION = YES;
				CLANG_WARN_NON_LITERAL_NULL_CONVERSION = YES;
				CLANG_WARN_OBJC_IMPLICIT_RETAIN_SELF = YES;
				CLANG_WARN_OBJC_LITERAL_CONVERSION = YES;
				CLANG_WARN_OBJC_ROOT_CLASS = YES_ERROR;
				CLANG_WARN_QUOTED_INCLUDE_IN_FRAMEWORK_HEADER = YES;
				CLANG_WARN_RANGE_LOOP_ANALYSIS = YES;
				CLANG_WARN_STRICT_PROTOTYPES = YES;
				CLANG_WARN_SUSPICIOUS_MOVE = YES;
				CLANG_WARN_UNGUARDED_AVAILABILITY = YES_AGGRESSIVE;
				CLANG_WARN_UNREACHABLE_CODE = YES;
				CLANG_WARN__DUPLICATE_METHOD_MATCH = YES;
				COPY_PHASE_STRIP = NO;
				DEBUG_INFORMATION_FORMAT = dwarf;
				ENABLE_STRICT_OBJC_MSGSEND = YES;
				ENABLE_TESTABILITY = YES;
				GCC_C_LANGUAGE_STANDARD = gnu11;
				GCC_DYNAMIC_NO_PIC = NO;
				GCC_NO_COMMON_BLOCKS = YES;
				GCC_OPTIMIZATION_LEVEL = 0;
				GCC_PREPROCESSOR_DEFINITIONS = (
					"DEBUG=1",
					"$(inherited)",
				);
				GCC_WARN_64_TO_32_BIT_CONVERSION = YES;
				GCC_WARN_ABOUT_RETURN_TYPE = YES_ERROR;
				GCC_WARN_UNDECLARED_SELECTOR = YES;
				GCC_WARN_UNINITIALIZED_AUTOS = YES_AGGRESSIVE;
				GCC_WARN_UNUSED_FUNCTION = YES;
				GCC_WARN_UNUSED_VARIABLE = YES;
				IPHONEOS_DEPLOYMENT_TARGET = 15.5;
				MTL_ENABLE_DEBUG_INFO = INCLUDE_SOURCE;
				MTL_FAST_MATH = YES;
				ONLY_ACTIVE_ARCH = YES;
				SDKROOT = iphoneos;
				SWIFT_ACTIVE_COMPILATION_CONDITIONS = DEBUG;
				SWIFT_OPTIMIZATION_LEVEL = "-Onone";
			};
			name = Debug;
		};
		89962D9A2860F120006DD73B /* Release */ = {
			isa = XCBuildConfiguration;
			buildSettings = {
				ALWAYS_SEARCH_USER_PATHS = NO;
				CLANG_ANALYZER_NONNULL = YES;
				CLANG_ANALYZER_NUMBER_OBJECT_CONVERSION = YES_AGGRESSIVE;
				CLANG_CXX_LANGUAGE_STANDARD = "gnu++17";
				CLANG_ENABLE_MODULES = YES;
				CLANG_ENABLE_OBJC_ARC = YES;
				CLANG_ENABLE_OBJC_WEAK = YES;
				CLANG_WARN_BLOCK_CAPTURE_AUTORELEASING = YES;
				CLANG_WARN_BOOL_CONVERSION = YES;
				CLANG_WARN_COMMA = YES;
				CLANG_WARN_CONSTANT_CONVERSION = YES;
				CLANG_WARN_DEPRECATED_OBJC_IMPLEMENTATIONS = YES;
				CLANG_WARN_DIRECT_OBJC_ISA_USAGE = YES_ERROR;
				CLANG_WARN_DOCUMENTATION_COMMENTS = YES;
				CLANG_WARN_EMPTY_BODY = YES;
				CLANG_WARN_ENUM_CONVERSION = YES;
				CLANG_WARN_INFINITE_RECURSION = YES;
				CLANG_WARN_INT_CONVERSION = YES;
				CLANG_WARN_NON_LITERAL_NULL_CONVERSION = YES;
				CLANG_WARN_OBJC_IMPLICIT_RETAIN_SELF = YES;
				CLANG_WARN_OBJC_LITERAL_CONVERSION = YES;
				CLANG_WARN_OBJC_ROOT_CLASS = YES_ERROR;
				CLANG_WARN_QUOTED_INCLUDE_IN_FRAMEWORK_HEADER = YES;
				CLANG_WARN_RANGE_LOOP_ANALYSIS = YES;
				CLANG_WARN_STRICT_PROTOTYPES = YES;
				CLANG_WARN_SUSPICIOUS_MOVE = YES;
				CLANG_WARN_UNGUARDED_AVAILABILITY = YES_AGGRESSIVE;
				CLANG_WARN_UNREACHABLE_CODE = YES;
				CLANG_WARN__DUPLICATE_METHOD_MATCH = YES;
				COPY_PHASE_STRIP = NO;
				DEBUG_INFORMATION_FORMAT = "dwarf-with-dsym";
				ENABLE_NS_ASSERTIONS = NO;
				ENABLE_STRICT_OBJC_MSGSEND = YES;
				GCC_C_LANGUAGE_STANDARD = gnu11;
				GCC_NO_COMMON_BLOCKS = YES;
				GCC_WARN_64_TO_32_BIT_CONVERSION = YES;
				GCC_WARN_ABOUT_RETURN_TYPE = YES_ERROR;
				GCC_WARN_UNDECLARED_SELECTOR = YES;
				GCC_WARN_UNINITIALIZED_AUTOS = YES_AGGRESSIVE;
				GCC_WARN_UNUSED_FUNCTION = YES;
				GCC_WARN_UNUSED_VARIABLE = YES;
				IPHONEOS_DEPLOYMENT_TARGET = 15.5;
				MTL_ENABLE_DEBUG_INFO = NO;
				MTL_FAST_MATH = YES;
				SDKROOT = iphoneos;
				SWIFT_COMPILATION_MODE = wholemodule;
				SWIFT_OPTIMIZATION_LEVEL = "-O";
				VALIDATE_PRODUCT = YES;
			};
			name = Release;
		};
		89962D9C2860F120006DD73B /* Debug */ = {
			isa = XCBuildConfiguration;
			buildSettings = {
				ASSETCATALOG_COMPILER_APPICON_NAME = AppIcon;
				ASSETCATALOG_COMPILER_GLOBAL_ACCENT_COLOR_NAME = AccentColor;
				CODE_SIGN_STYLE = Automatic;
				CURRENT_PROJECT_VERSION = 1;
				DEVELOPMENT_ASSET_PATHS = "\"TwitterClone/Preview Content\"";
				DEVELOPMENT_TEAM = 9XAAUUJ3Q5;
				ENABLE_PREVIEWS = YES;
				GENERATE_INFOPLIST_FILE = YES;
				INFOPLIST_KEY_UIApplicationSceneManifest_Generation = YES;
				INFOPLIST_KEY_UIApplicationSupportsIndirectInputEvents = YES;
				INFOPLIST_KEY_UILaunchScreen_Generation = YES;
				INFOPLIST_KEY_UISupportedInterfaceOrientations_iPad = "UIInterfaceOrientationPortrait UIInterfaceOrientationPortraitUpsideDown UIInterfaceOrientationLandscapeLeft UIInterfaceOrientationLandscapeRight";
				INFOPLIST_KEY_UISupportedInterfaceOrientations_iPhone = "UIInterfaceOrientationPortrait UIInterfaceOrientationLandscapeLeft UIInterfaceOrientationLandscapeRight";
				LD_RUNPATH_SEARCH_PATHS = (
					"$(inherited)",
					"@executable_path/Frameworks",
				);
				MARKETING_VERSION = 1.0;
				PRODUCT_BUNDLE_IDENTIFIER = ricardoG.TwitterClone;
				PRODUCT_NAME = "$(TARGET_NAME)";
				SWIFT_EMIT_LOC_STRINGS = YES;
				SWIFT_VERSION = 5.0;
				TARGETED_DEVICE_FAMILY = "1,2";
			};
			name = Debug;
		};
		89962D9D2860F120006DD73B /* Release */ = {
			isa = XCBuildConfiguration;
			buildSettings = {
				ASSETCATALOG_COMPILER_APPICON_NAME = AppIcon;
				ASSETCATALOG_COMPILER_GLOBAL_ACCENT_COLOR_NAME = AccentColor;
				CODE_SIGN_STYLE = Automatic;
				CURRENT_PROJECT_VERSION = 1;
				DEVELOPMENT_ASSET_PATHS = "\"TwitterClone/Preview Content\"";
				DEVELOPMENT_TEAM = 9XAAUUJ3Q5;
				ENABLE_PREVIEWS = YES;
				GENERATE_INFOPLIST_FILE = YES;
				INFOPLIST_KEY_UIApplicationSceneManifest_Generation = YES;
				INFOPLIST_KEY_UIApplicationSupportsIndirectInputEvents = YES;
				INFOPLIST_KEY_UILaunchScreen_Generation = YES;
				INFOPLIST_KEY_UISupportedInterfaceOrientations_iPad = "UIInterfaceOrientationPortrait UIInterfaceOrientationPortraitUpsideDown UIInterfaceOrientationLandscapeLeft UIInterfaceOrientationLandscapeRight";
				INFOPLIST_KEY_UISupportedInterfaceOrientations_iPhone = "UIInterfaceOrientationPortrait UIInterfaceOrientationLandscapeLeft UIInterfaceOrientationLandscapeRight";
				LD_RUNPATH_SEARCH_PATHS = (
					"$(inherited)",
					"@executable_path/Frameworks",
				);
				MARKETING_VERSION = 1.0;
				PRODUCT_BUNDLE_IDENTIFIER = ricardoG.TwitterClone;
				PRODUCT_NAME = "$(TARGET_NAME)";
				SWIFT_EMIT_LOC_STRINGS = YES;
				SWIFT_VERSION = 5.0;
				TARGETED_DEVICE_FAMILY = "1,2";
			};
			name = Release;
		};
/* End XCBuildConfiguration section */

/* Begin XCConfigurationList section */
		89962D882860F11D006DD73B /* Build configuration list for PBXProject "TwitterClone" */ = {
			isa = XCConfigurationList;
			buildConfigurations = (
				89962D992860F120006DD73B /* Debug */,
				89962D9A2860F120006DD73B /* Release */,
			);
			defaultConfigurationIsVisible = 0;
			defaultConfigurationName = Release;
		};
		89962D9B2860F120006DD73B /* Build configuration list for PBXNativeTarget "TwitterClone" */ = {
			isa = XCConfigurationList;
			buildConfigurations = (
				89962D9C2860F120006DD73B /* Debug */,
				89962D9D2860F120006DD73B /* Release */,
			);
			defaultConfigurationIsVisible = 0;
			defaultConfigurationName = Release;
		};
/* End XCConfigurationList section */

/* Begin XCRemoteSwiftPackageReference section */
		89962DEE286165D7006DD73B /* XCRemoteSwiftPackageReference "firebase-ios-sdk" */ = {
			isa = XCRemoteSwiftPackageReference;
			repositoryURL = "https://github.com/firebase/firebase-ios-sdk";
			requirement = {
				branch = master;
				kind = branch;
			};
		};
/* End XCRemoteSwiftPackageReference section */

/* Begin XCSwiftPackageProductDependency section */
		89962DEF286165D7006DD73B /* FirebaseAuth */ = {
			isa = XCSwiftPackageProductDependency;
			package = 89962DEE286165D7006DD73B /* XCRemoteSwiftPackageReference "firebase-ios-sdk" */;
			productName = FirebaseAuth;
		};
		89962DF1286165D7006DD73B /* FirebaseFirestore */ = {
			isa = XCSwiftPackageProductDependency;
			package = 89962DEE286165D7006DD73B /* XCRemoteSwiftPackageReference "firebase-ios-sdk" */;
			productName = FirebaseFirestore;
		};
		89962DF3286165D7006DD73B /* FirebaseFirestoreSwift */ = {
			isa = XCSwiftPackageProductDependency;
			package = 89962DEE286165D7006DD73B /* XCRemoteSwiftPackageReference "firebase-ios-sdk" */;
			productName = FirebaseFirestoreSwift;
		};
		89962DF5286165D7006DD73B /* FirebaseStorage */ = {
			isa = XCSwiftPackageProductDependency;
			package = 89962DEE286165D7006DD73B /* XCRemoteSwiftPackageReference "firebase-ios-sdk" */;
			productName = FirebaseStorage;
		};
/* End XCSwiftPackageProductDependency section */
	};
	rootObject = 89962D852860F11D006DD73B /* Project object */;
}
